
Microsoft Visual Studio Solution File, Format Version 12.00
# Visual Studio 15
VisualStudioVersion = 15.0.28010.2048
MinimumVisualStudioVersion = 10.0.40219.1
Project("{FAE04EC0-301F-11D3-BF4B-00C04F79EFBC}") = "SpeckleCoreGeometry", "SpeckleCoreGeometry\SpeckleCoreGeometry.csproj", "{4E08BCAA-2B3A-4813-8B43-33B4AEDDF2FC}"
EndProject
Project("{FAE04EC0-301F-11D3-BF4B-00C04F79EFBC}") = "SpeckleCore", "SpeckleCore\SpeckleCore\SpeckleCore.csproj", "{CFE27D3D-8A1A-43F9-9387-8FD9E119E174}"
EndProject
Project("{FAE04EC0-301F-11D3-BF4B-00C04F79EFBC}") = "SpeckleCoreGeometryClasses", "SpeckleCoreGeometryClasses\SpeckleCoreGeometryClasses.csproj", "{AD40CE88-276B-45BF-9736-7180730E7281}"
EndProject
Project("{FAE04EC0-301F-11D3-BF4B-00C04F79EFBC}") = "SpeckleCoreGeometryRhino", "SpeckleCoreGeometryRhino\SpeckleCoreGeometryRhino.csproj", "{41CD3791-EE12-4AE5-90DA-EF98EA6D7382}"
EndProject
Project("{FAE04EC0-301F-11D3-BF4B-00C04F79EFBC}") = "SpeckleCoreGeometryDynamo", "SpeckleCoreGeometryDynamo\SpeckleCoreGeometryDynamo.csproj", "{D8B52AA5-618A-49C3-B584-E12C0735551A}"
EndProject
Project("{2150E333-8FDC-42A3-9474-1A3956D46DE8}") = "Solution Items", "Solution Items", "{C24987A3-AC80-48B8-9056-EC581E566B31}"
	ProjectSection(SolutionItems) = preProject
		appveyor.yml = appveyor.yml
	EndProjectSection
EndProject
Global
	GlobalSection(SolutionConfigurationPlatforms) = preSolution
		Debug Dynamo|Any CPU = Debug Dynamo|Any CPU
		Debug Rhino|Any CPU = Debug Rhino|Any CPU
		Debug|Any CPU = Debug|Any CPU
		Release|Any CPU = Release|Any CPU
	EndGlobalSection
	GlobalSection(ProjectConfigurationPlatforms) = postSolution
		{4E08BCAA-2B3A-4813-8B43-33B4AEDDF2FC}.Debug Dynamo|Any CPU.ActiveCfg = Debug Dynamo|Any CPU
		{4E08BCAA-2B3A-4813-8B43-33B4AEDDF2FC}.Debug Dynamo|Any CPU.Build.0 = Debug Dynamo|Any CPU
		{4E08BCAA-2B3A-4813-8B43-33B4AEDDF2FC}.Debug Rhino|Any CPU.ActiveCfg = Debug Rhino|Any CPU
		{4E08BCAA-2B3A-4813-8B43-33B4AEDDF2FC}.Debug Rhino|Any CPU.Build.0 = Debug Rhino|Any CPU
		{4E08BCAA-2B3A-4813-8B43-33B4AEDDF2FC}.Debug|Any CPU.ActiveCfg = Debug|Any CPU
		{4E08BCAA-2B3A-4813-8B43-33B4AEDDF2FC}.Debug|Any CPU.Build.0 = Debug|Any CPU
		{4E08BCAA-2B3A-4813-8B43-33B4AEDDF2FC}.Release|Any CPU.ActiveCfg = Release|Any CPU
		{4E08BCAA-2B3A-4813-8B43-33B4AEDDF2FC}.Release|Any CPU.Build.0 = Release|Any CPU
		{CFE27D3D-8A1A-43F9-9387-8FD9E119E174}.Debug Dynamo|Any CPU.ActiveCfg = Debug|Any CPU
		{CFE27D3D-8A1A-43F9-9387-8FD9E119E174}.Debug Dynamo|Any CPU.Build.0 = Debug|Any CPU
		{CFE27D3D-8A1A-43F9-9387-8FD9E119E174}.Debug Rhino|Any CPU.ActiveCfg = Debug|Any CPU
		{CFE27D3D-8A1A-43F9-9387-8FD9E119E174}.Debug Rhino|Any CPU.Build.0 = Debug|Any CPU
		{CFE27D3D-8A1A-43F9-9387-8FD9E119E174}.Debug|Any CPU.ActiveCfg = Debug|Any CPU
		{CFE27D3D-8A1A-43F9-9387-8FD9E119E174}.Debug|Any CPU.Build.0 = Debug|Any CPU
		{CFE27D3D-8A1A-43F9-9387-8FD9E119E174}.Release|Any CPU.ActiveCfg = Release|Any CPU
		{CFE27D3D-8A1A-43F9-9387-8FD9E119E174}.Release|Any CPU.Build.0 = Release|Any CPU
		{AD40CE88-276B-45BF-9736-7180730E7281}.Debug Dynamo|Any CPU.ActiveCfg = Debug|Any CPU
		{AD40CE88-276B-45BF-9736-7180730E7281}.Debug Dynamo|Any CPU.Build.0 = Debug|Any CPU
		{AD40CE88-276B-45BF-9736-7180730E7281}.Debug Rhino|Any CPU.ActiveCfg = Debug|Any CPU
		{AD40CE88-276B-45BF-9736-7180730E7281}.Debug Rhino|Any CPU.Build.0 = Debug|Any CPU
		{AD40CE88-276B-45BF-9736-7180730E7281}.Debug|Any CPU.ActiveCfg = Debug|Any CPU
		{AD40CE88-276B-45BF-9736-7180730E7281}.Debug|Any CPU.Build.0 = Debug|Any CPU
		{AD40CE88-276B-45BF-9736-7180730E7281}.Release|Any CPU.ActiveCfg = Release|Any CPU
		{AD40CE88-276B-45BF-9736-7180730E7281}.Release|Any CPU.Build.0 = Release|Any CPU
		{41CD3791-EE12-4AE5-90DA-EF98EA6D7382}.Debug Dynamo|Any CPU.ActiveCfg = Debug|Any CPU
		{41CD3791-EE12-4AE5-90DA-EF98EA6D7382}.Debug Dynamo|Any CPU.Build.0 = Debug|Any CPU
		{41CD3791-EE12-4AE5-90DA-EF98EA6D7382}.Debug Rhino|Any CPU.ActiveCfg = Debug|Any CPU
		{41CD3791-EE12-4AE5-90DA-EF98EA6D7382}.Debug Rhino|Any CPU.Build.0 = Debug|Any CPU
		{41CD3791-EE12-4AE5-90DA-EF98EA6D7382}.Debug|Any CPU.ActiveCfg = Debug|Any CPU
		{41CD3791-EE12-4AE5-90DA-EF98EA6D7382}.Debug|Any CPU.Build.0 = Debug|Any CPU
		{41CD3791-EE12-4AE5-90DA-EF98EA6D7382}.Release|Any CPU.ActiveCfg = Release|Any CPU
		{41CD3791-EE12-4AE5-90DA-EF98EA6D7382}.Release|Any CPU.Build.0 = Release|Any CPU
		{D8B52AA5-618A-49C3-B584-E12C0735551A}.Debug Dynamo|Any CPU.ActiveCfg = Debug|Any CPU
		{D8B52AA5-618A-49C3-B584-E12C0735551A}.Debug Dynamo|Any CPU.Build.0 = Debug|Any CPU
		{D8B52AA5-618A-49C3-B584-E12C0735551A}.Debug Rhino|Any CPU.ActiveCfg = Debug|Any CPU
		{D8B52AA5-618A-49C3-B584-E12C0735551A}.Debug Rhino|Any CPU.Build.0 = Debug|Any CPU
		{D8B52AA5-618A-49C3-B584-E12C0735551A}.Debug|Any CPU.ActiveCfg = Debug|Any CPU
		{D8B52AA5-618A-49C3-B584-E12C0735551A}.Debug|Any CPU.Build.0 = Debug|Any CPU
		{D8B52AA5-618A-49C3-B584-E12C0735551A}.Release|Any CPU.ActiveCfg = Release|Any CPU
		{D8B52AA5-618A-49C3-B584-E12C0735551A}.Release|Any CPU.Build.0 = Release|Any CPU
	EndGlobalSection
	GlobalSection(SolutionProperties) = preSolution
		HideSolutionNode = FALSE
	EndGlobalSection
	GlobalSection(ExtensibilityGlobals) = postSolution
		SolutionGuid = {A1791B41-141C-41CC-AAB3-63CD81E4A972}
	EndGlobalSection
EndGlobal
